
Microsoft Visual Studio Solution File, Format Version 12.00
# Visual Studio 2013
VisualStudioVersion = 12.0.31101.0
MinimumVisualStudioVersion = 10.0.40219.1
Project("{1B19158F-E398-40A6-8E3B-350508E125F1}") = "EvC.Shared", "EvC.Shared\EvC.Shared.dxjsproj", "{EAAAF8E1-F2A1-419B-B1F2-EADC8F59DE0E}"
EndProject
Project("{1B19158F-E398-40A6-8E3B-350508E125F1}") = "EvC.Desktop", "EvC.Desktop\EvC.Desktop.dxjsproj", "{FDD62155-AFB5-4FEE-B0E6-155AC19D93D1}"
EndProject
Project("{1B19158F-E398-40A6-8E3B-350508E125F1}") = "EvC.Mobile", "EvC.Mobile\EvC.Mobile.dxjsproj", "{3B97CC56-69AC-4C5B-BC28-D8D5484615F7}"
EndProject
Project("{262852C6-CD72-467D-83FE-5EEB1973A190}") = "EvC.Win8", "EvC.Win8\EvC.Win8.jsproj", "{90AF8D6A-89DE-4789-8FB0-3EAA34B90EBC}"
EndProject
Project("{FAE04EC0-301F-11D3-BF4B-00C04F79EFBC}") = "EvC.Win8Phone", "EvC.Win8Phone\EvC.Win8Phone.csproj", "{B7639AD6-0EC2-46E7-BB1A-8B0F25B31F60}"
EndProject
Project("{262852C6-CD72-467D-83FE-5EEB1973A190}") = "EvC.Win81", "EvC.Win81\EvC.Win81.jsproj", "{DFB813D5-393B-4F16-AC53-C2B47C7E98F6}"
EndProject
Project("{FAE04EC0-301F-11D3-BF4B-00C04F79EFBC}") = "EvC.Win81Phone", "EvC.Win81Phone\EvC.Win81Phone.csproj", "{3DDF776A-A483-48C3-AFD5-9AF70A43820D}"
EndProject
Global
	GlobalSection(SolutionConfigurationPlatforms) = preSolution
		Debug|Android = Debug|Android
		Debug|Any CPU = Debug|Any CPU
		Debug|ARM = Debug|ARM
		Debug|iOS = Debug|iOS
		Debug|Mixed Platforms = Debug|Mixed Platforms
		Debug|Windows Phone = Debug|Windows Phone
		Debug|Windows-AnyCPU = Debug|Windows-AnyCPU
		Debug|Windows-ARM = Debug|Windows-ARM
		Debug|Windows-x64 = Debug|Windows-x64
		Debug|Windows-x86 = Debug|Windows-x86
		Debug|x64 = Debug|x64
		Debug|x86 = Debug|x86
		Distribution|Android = Distribution|Android
		Distribution|Any CPU = Distribution|Any CPU
		Distribution|ARM = Distribution|ARM
		Distribution|iOS = Distribution|iOS
		Distribution|Mixed Platforms = Distribution|Mixed Platforms
		Distribution|Windows Phone = Distribution|Windows Phone
		Distribution|Windows-AnyCPU = Distribution|Windows-AnyCPU
		Distribution|Windows-ARM = Distribution|Windows-ARM
		Distribution|Windows-x64 = Distribution|Windows-x64
		Distribution|Windows-x86 = Distribution|Windows-x86
		Distribution|x64 = Distribution|x64
		Distribution|x86 = Distribution|x86
		Release|Android = Release|Android
		Release|Any CPU = Release|Any CPU
		Release|ARM = Release|ARM
		Release|iOS = Release|iOS
		Release|Mixed Platforms = Release|Mixed Platforms
		Release|Windows Phone = Release|Windows Phone
		Release|Windows-AnyCPU = Release|Windows-AnyCPU
		Release|Windows-ARM = Release|Windows-ARM
		Release|Windows-x64 = Release|Windows-x64
		Release|Windows-x86 = Release|Windows-x86
		Release|x64 = Release|x64
		Release|x86 = Release|x86
	EndGlobalSection
	GlobalSection(ProjectConfigurationPlatforms) = postSolution
		{EAAAF8E1-F2A1-419B-B1F2-EADC8F59DE0E}.Debug|Android.ActiveCfg = Debug|Any CPU
		{EAAAF8E1-F2A1-419B-B1F2-EADC8F59DE0E}.Debug|Any CPU.ActiveCfg = Debug|Any CPU
		{EAAAF8E1-F2A1-419B-B1F2-EADC8F59DE0E}.Debug|Any CPU.Build.0 = Debug|Any CPU
		{EAAAF8E1-F2A1-419B-B1F2-EADC8F59DE0E}.Debug|ARM.ActiveCfg = Debug|Any CPU
		{EAAAF8E1-F2A1-419B-B1F2-EADC8F59DE0E}.Debug|iOS.ActiveCfg = Debug|Any CPU
		{EAAAF8E1-F2A1-419B-B1F2-EADC8F59DE0E}.Debug|Mixed Platforms.ActiveCfg = Debug|Any CPU
		{EAAAF8E1-F2A1-419B-B1F2-EADC8F59DE0E}.Debug|Mixed Platforms.Build.0 = Debug|Any CPU
		{EAAAF8E1-F2A1-419B-B1F2-EADC8F59DE0E}.Debug|Windows Phone.ActiveCfg = Debug|Any CPU
		{EAAAF8E1-F2A1-419B-B1F2-EADC8F59DE0E}.Debug|Windows-AnyCPU.ActiveCfg = Debug|Any CPU
		{EAAAF8E1-F2A1-419B-B1F2-EADC8F59DE0E}.Debug|Windows-ARM.ActiveCfg = Debug|Any CPU
		{EAAAF8E1-F2A1-419B-B1F2-EADC8F59DE0E}.Debug|Windows-x64.ActiveCfg = Debug|Any CPU
		{EAAAF8E1-F2A1-419B-B1F2-EADC8F59DE0E}.Debug|Windows-x86.ActiveCfg = Debug|Any CPU
		{EAAAF8E1-F2A1-419B-B1F2-EADC8F59DE0E}.Debug|x64.ActiveCfg = Debug|Any CPU
		{EAAAF8E1-F2A1-419B-B1F2-EADC8F59DE0E}.Debug|x86.ActiveCfg = Debug|Any CPU
		{EAAAF8E1-F2A1-419B-B1F2-EADC8F59DE0E}.Distribution|Android.ActiveCfg = Debug|Any CPU
		{EAAAF8E1-F2A1-419B-B1F2-EADC8F59DE0E}.Distribution|Any CPU.ActiveCfg = Debug|Any CPU
		{EAAAF8E1-F2A1-419B-B1F2-EADC8F59DE0E}.Distribution|Any CPU.Build.0 = Debug|Any CPU
		{EAAAF8E1-F2A1-419B-B1F2-EADC8F59DE0E}.Distribution|ARM.ActiveCfg = Debug|Any CPU
		{EAAAF8E1-F2A1-419B-B1F2-EADC8F59DE0E}.Distribution|iOS.ActiveCfg = Debug|Any CPU
		{EAAAF8E1-F2A1-419B-B1F2-EADC8F59DE0E}.Distribution|Mixed Platforms.ActiveCfg = Debug|Any CPU
		{EAAAF8E1-F2A1-419B-B1F2-EADC8F59DE0E}.Distribution|Mixed Platforms.Build.0 = Debug|Any CPU
		{EAAAF8E1-F2A1-419B-B1F2-EADC8F59DE0E}.Distribution|Windows Phone.ActiveCfg = Debug|Any CPU
		{EAAAF8E1-F2A1-419B-B1F2-EADC8F59DE0E}.Distribution|Windows-AnyCPU.ActiveCfg = Debug|Any CPU
		{EAAAF8E1-F2A1-419B-B1F2-EADC8F59DE0E}.Distribution|Windows-ARM.ActiveCfg = Debug|Any CPU
		{EAAAF8E1-F2A1-419B-B1F2-EADC8F59DE0E}.Distribution|Windows-x64.ActiveCfg = Debug|Any CPU
		{EAAAF8E1-F2A1-419B-B1F2-EADC8F59DE0E}.Distribution|Windows-x86.ActiveCfg = Debug|Any CPU
		{EAAAF8E1-F2A1-419B-B1F2-EADC8F59DE0E}.Distribution|x64.ActiveCfg = Debug|Any CPU
		{EAAAF8E1-F2A1-419B-B1F2-EADC8F59DE0E}.Distribution|x86.ActiveCfg = Debug|Any CPU
		{EAAAF8E1-F2A1-419B-B1F2-EADC8F59DE0E}.Release|Android.ActiveCfg = Release|Any CPU
		{EAAAF8E1-F2A1-419B-B1F2-EADC8F59DE0E}.Release|Any CPU.ActiveCfg = Release|Any CPU
		{EAAAF8E1-F2A1-419B-B1F2-EADC8F59DE0E}.Release|Any CPU.Build.0 = Release|Any CPU
		{EAAAF8E1-F2A1-419B-B1F2-EADC8F59DE0E}.Release|ARM.ActiveCfg = Release|Any CPU
		{EAAAF8E1-F2A1-419B-B1F2-EADC8F59DE0E}.Release|iOS.ActiveCfg = Release|Any CPU
		{EAAAF8E1-F2A1-419B-B1F2-EADC8F59DE0E}.Release|Mixed Platforms.ActiveCfg = Release|Any CPU
		{EAAAF8E1-F2A1-419B-B1F2-EADC8F59DE0E}.Release|Mixed Platforms.Build.0 = Release|Any CPU
		{EAAAF8E1-F2A1-419B-B1F2-EADC8F59DE0E}.Release|Windows Phone.ActiveCfg = Release|Any CPU
		{EAAAF8E1-F2A1-419B-B1F2-EADC8F59DE0E}.Release|Windows-AnyCPU.ActiveCfg = Release|Any CPU
		{EAAAF8E1-F2A1-419B-B1F2-EADC8F59DE0E}.Release|Windows-ARM.ActiveCfg = Release|Any CPU
		{EAAAF8E1-F2A1-419B-B1F2-EADC8F59DE0E}.Release|Windows-x64.ActiveCfg = Release|Any CPU
		{EAAAF8E1-F2A1-419B-B1F2-EADC8F59DE0E}.Release|Windows-x86.ActiveCfg = Release|Any CPU
		{EAAAF8E1-F2A1-419B-B1F2-EADC8F59DE0E}.Release|x64.ActiveCfg = Release|Any CPU
		{EAAAF8E1-F2A1-419B-B1F2-EADC8F59DE0E}.Release|x86.ActiveCfg = Release|Any CPU
		{FDD62155-AFB5-4FEE-B0E6-155AC19D93D1}.Debug|Android.ActiveCfg = Debug|Any CPU
		{FDD62155-AFB5-4FEE-B0E6-155AC19D93D1}.Debug|Any CPU.ActiveCfg = Debug|Any CPU
		{FDD62155-AFB5-4FEE-B0E6-155AC19D93D1}.Debug|Any CPU.Build.0 = Debug|Any CPU
		{FDD62155-AFB5-4FEE-B0E6-155AC19D93D1}.Debug|ARM.ActiveCfg = Debug|Any CPU
		{FDD62155-AFB5-4FEE-B0E6-155AC19D93D1}.Debug|iOS.ActiveCfg = Debug|Any CPU
		{FDD62155-AFB5-4FEE-B0E6-155AC19D93D1}.Debug|Mixed Platforms.ActiveCfg = Debug|Any CPU
		{FDD62155-AFB5-4FEE-B0E6-155AC19D93D1}.Debug|Mixed Platforms.Build.0 = Debug|Any CPU
		{FDD62155-AFB5-4FEE-B0E6-155AC19D93D1}.Debug|Windows Phone.ActiveCfg = Debug|Any CPU
		{FDD62155-AFB5-4FEE-B0E6-155AC19D93D1}.Debug|Windows-AnyCPU.ActiveCfg = Debug|Any CPU
		{FDD62155-AFB5-4FEE-B0E6-155AC19D93D1}.Debug|Windows-ARM.ActiveCfg = Debug|Any CPU
		{FDD62155-AFB5-4FEE-B0E6-155AC19D93D1}.Debug|Windows-x64.ActiveCfg = Debug|Any CPU
		{FDD62155-AFB5-4FEE-B0E6-155AC19D93D1}.Debug|Windows-x86.ActiveCfg = Debug|Any CPU
		{FDD62155-AFB5-4FEE-B0E6-155AC19D93D1}.Debug|x64.ActiveCfg = Debug|Any CPU
		{FDD62155-AFB5-4FEE-B0E6-155AC19D93D1}.Debug|x86.ActiveCfg = Debug|Any CPU
		{FDD62155-AFB5-4FEE-B0E6-155AC19D93D1}.Distribution|Android.ActiveCfg = Debug|Any CPU
		{FDD62155-AFB5-4FEE-B0E6-155AC19D93D1}.Distribution|Any CPU.ActiveCfg = Debug|Any CPU
		{FDD62155-AFB5-4FEE-B0E6-155AC19D93D1}.Distribution|Any CPU.Build.0 = Debug|Any CPU
		{FDD62155-AFB5-4FEE-B0E6-155AC19D93D1}.Distribution|ARM.ActiveCfg = Debug|Any CPU
		{FDD62155-AFB5-4FEE-B0E6-155AC19D93D1}.Distribution|iOS.ActiveCfg = Debug|Any CPU
		{FDD62155-AFB5-4FEE-B0E6-155AC19D93D1}.Distribution|Mixed Platforms.ActiveCfg = Debug|Any CPU
		{FDD62155-AFB5-4FEE-B0E6-155AC19D93D1}.Distribution|Mixed Platforms.Build.0 = Debug|Any CPU
		{FDD62155-AFB5-4FEE-B0E6-155AC19D93D1}.Distribution|Windows Phone.ActiveCfg = Debug|Any CPU
		{FDD62155-AFB5-4FEE-B0E6-155AC19D93D1}.Distribution|Windows-AnyCPU.ActiveCfg = Debug|Any CPU
		{FDD62155-AFB5-4FEE-B0E6-155AC19D93D1}.Distribution|Windows-ARM.ActiveCfg = Debug|Any CPU
		{FDD62155-AFB5-4FEE-B0E6-155AC19D93D1}.Distribution|Windows-x64.ActiveCfg = Debug|Any CPU
		{FDD62155-AFB5-4FEE-B0E6-155AC19D93D1}.Distribution|Windows-x86.ActiveCfg = Debug|Any CPU
		{FDD62155-AFB5-4FEE-B0E6-155AC19D93D1}.Distribution|x64.ActiveCfg = Debug|Any CPU
		{FDD62155-AFB5-4FEE-B0E6-155AC19D93D1}.Distribution|x86.ActiveCfg = Debug|Any CPU
		{FDD62155-AFB5-4FEE-B0E6-155AC19D93D1}.Release|Android.ActiveCfg = Release|Any CPU
		{FDD62155-AFB5-4FEE-B0E6-155AC19D93D1}.Release|Any CPU.ActiveCfg = Release|Any CPU
		{FDD62155-AFB5-4FEE-B0E6-155AC19D93D1}.Release|Any CPU.Build.0 = Release|Any CPU
		{FDD62155-AFB5-4FEE-B0E6-155AC19D93D1}.Release|ARM.ActiveCfg = Release|Any CPU
		{FDD62155-AFB5-4FEE-B0E6-155AC19D93D1}.Release|iOS.ActiveCfg = Release|Any CPU
		{FDD62155-AFB5-4FEE-B0E6-155AC19D93D1}.Release|Mixed Platforms.ActiveCfg = Release|Any CPU
		{FDD62155-AFB5-4FEE-B0E6-155AC19D93D1}.Release|Mixed Platforms.Build.0 = Release|Any CPU
		{FDD62155-AFB5-4FEE-B0E6-155AC19D93D1}.Release|Windows Phone.ActiveCfg = Release|Any CPU
		{FDD62155-AFB5-4FEE-B0E6-155AC19D93D1}.Release|Windows-AnyCPU.ActiveCfg = Release|Any CPU
		{FDD62155-AFB5-4FEE-B0E6-155AC19D93D1}.Release|Windows-ARM.ActiveCfg = Release|Any CPU
		{FDD62155-AFB5-4FEE-B0E6-155AC19D93D1}.Release|Windows-x64.ActiveCfg = Release|Any CPU
		{FDD62155-AFB5-4FEE-B0E6-155AC19D93D1}.Release|Windows-x86.ActiveCfg = Release|Any CPU
		{FDD62155-AFB5-4FEE-B0E6-155AC19D93D1}.Release|x64.ActiveCfg = Release|Any CPU
		{FDD62155-AFB5-4FEE-B0E6-155AC19D93D1}.Release|x86.ActiveCfg = Release|Any CPU
		{3B97CC56-69AC-4C5B-BC28-D8D5484615F7}.Debug|Android.ActiveCfg = Debug|Any CPU
		{3B97CC56-69AC-4C5B-BC28-D8D5484615F7}.Debug|Any CPU.ActiveCfg = Debug|Any CPU
		{3B97CC56-69AC-4C5B-BC28-D8D5484615F7}.Debug|Any CPU.Build.0 = Debug|Any CPU
		{3B97CC56-69AC-4C5B-BC28-D8D5484615F7}.Debug|ARM.ActiveCfg = Debug|Any CPU
		{3B97CC56-69AC-4C5B-BC28-D8D5484615F7}.Debug|iOS.ActiveCfg = Debug|Any CPU
		{3B97CC56-69AC-4C5B-BC28-D8D5484615F7}.Debug|Mixed Platforms.ActiveCfg = Debug|Any CPU
		{3B97CC56-69AC-4C5B-BC28-D8D5484615F7}.Debug|Mixed Platforms.Build.0 = Debug|Any CPU
		{3B97CC56-69AC-4C5B-BC28-D8D5484615F7}.Debug|Windows Phone.ActiveCfg = Debug|Any CPU
		{3B97CC56-69AC-4C5B-BC28-D8D5484615F7}.Debug|Windows-AnyCPU.ActiveCfg = Debug|Any CPU
		{3B97CC56-69AC-4C5B-BC28-D8D5484615F7}.Debug|Windows-ARM.ActiveCfg = Debug|Any CPU
		{3B97CC56-69AC-4C5B-BC28-D8D5484615F7}.Debug|Windows-x64.ActiveCfg = Debug|Any CPU
		{3B97CC56-69AC-4C5B-BC28-D8D5484615F7}.Debug|Windows-x86.ActiveCfg = Debug|Any CPU
		{3B97CC56-69AC-4C5B-BC28-D8D5484615F7}.Debug|x64.ActiveCfg = Debug|Any CPU
		{3B97CC56-69AC-4C5B-BC28-D8D5484615F7}.Debug|x86.ActiveCfg = Debug|Any CPU
		{3B97CC56-69AC-4C5B-BC28-D8D5484615F7}.Distribution|Android.ActiveCfg = Debug|Any CPU
		{3B97CC56-69AC-4C5B-BC28-D8D5484615F7}.Distribution|Any CPU.ActiveCfg = Debug|Any CPU
		{3B97CC56-69AC-4C5B-BC28-D8D5484615F7}.Distribution|Any CPU.Build.0 = Debug|Any CPU
		{3B97CC56-69AC-4C5B-BC28-D8D5484615F7}.Distribution|ARM.ActiveCfg = Debug|Any CPU
		{3B97CC56-69AC-4C5B-BC28-D8D5484615F7}.Distribution|iOS.ActiveCfg = Debug|Any CPU
		{3B97CC56-69AC-4C5B-BC28-D8D5484615F7}.Distribution|Mixed Platforms.ActiveCfg = Debug|Any CPU
		{3B97CC56-69AC-4C5B-BC28-D8D5484615F7}.Distribution|Mixed Platforms.Build.0 = Debug|Any CPU
		{3B97CC56-69AC-4C5B-BC28-D8D5484615F7}.Distribution|Windows Phone.ActiveCfg = Debug|Any CPU
		{3B97CC56-69AC-4C5B-BC28-D8D5484615F7}.Distribution|Windows-AnyCPU.ActiveCfg = Debug|Any CPU
		{3B97CC56-69AC-4C5B-BC28-D8D5484615F7}.Distribution|Windows-ARM.ActiveCfg = Debug|Any CPU
		{3B97CC56-69AC-4C5B-BC28-D8D5484615F7}.Distribution|Windows-x64.ActiveCfg = Debug|Any CPU
		{3B97CC56-69AC-4C5B-BC28-D8D5484615F7}.Distribution|Windows-x86.ActiveCfg = Debug|Any CPU
		{3B97CC56-69AC-4C5B-BC28-D8D5484615F7}.Distribution|x64.ActiveCfg = Debug|Any CPU
		{3B97CC56-69AC-4C5B-BC28-D8D5484615F7}.Distribution|x86.ActiveCfg = Debug|Any CPU
		{3B97CC56-69AC-4C5B-BC28-D8D5484615F7}.Release|Android.ActiveCfg = Release|Any CPU
		{3B97CC56-69AC-4C5B-BC28-D8D5484615F7}.Release|Any CPU.ActiveCfg = Release|Any CPU
		{3B97CC56-69AC-4C5B-BC28-D8D5484615F7}.Release|Any CPU.Build.0 = Release|Any CPU
		{3B97CC56-69AC-4C5B-BC28-D8D5484615F7}.Release|ARM.ActiveCfg = Release|Any CPU
		{3B97CC56-69AC-4C5B-BC28-D8D5484615F7}.Release|iOS.ActiveCfg = Release|Any CPU
		{3B97CC56-69AC-4C5B-BC28-D8D5484615F7}.Release|Mixed Platforms.ActiveCfg = Release|Any CPU
		{3B97CC56-69AC-4C5B-BC28-D8D5484615F7}.Release|Mixed Platforms.Build.0 = Release|Any CPU
		{3B97CC56-69AC-4C5B-BC28-D8D5484615F7}.Release|Windows Phone.ActiveCfg = Release|Any CPU
		{3B97CC56-69AC-4C5B-BC28-D8D5484615F7}.Release|Windows-AnyCPU.ActiveCfg = Release|Any CPU
		{3B97CC56-69AC-4C5B-BC28-D8D5484615F7}.Release|Windows-ARM.ActiveCfg = Release|Any CPU
		{3B97CC56-69AC-4C5B-BC28-D8D5484615F7}.Release|Windows-x64.ActiveCfg = Release|Any CPU
		{3B97CC56-69AC-4C5B-BC28-D8D5484615F7}.Release|Windows-x86.ActiveCfg = Release|Any CPU
		{3B97CC56-69AC-4C5B-BC28-D8D5484615F7}.Release|x64.ActiveCfg = Release|Any CPU
		{3B97CC56-69AC-4C5B-BC28-D8D5484615F7}.Release|x86.ActiveCfg = Release|Any CPU
		{90AF8D6A-89DE-4789-8FB0-3EAA34B90EBC}.Debug|Android.ActiveCfg = Debug|Any CPU
		{90AF8D6A-89DE-4789-8FB0-3EAA34B90EBC}.Debug|Any CPU.ActiveCfg = Debug|Any CPU
		{90AF8D6A-89DE-4789-8FB0-3EAA34B90EBC}.Debug|Any CPU.Build.0 = Debug|Any CPU
		{90AF8D6A-89DE-4789-8FB0-3EAA34B90EBC}.Debug|Any CPU.Deploy.0 = Debug|Any CPU
		{90AF8D6A-89DE-4789-8FB0-3EAA34B90EBC}.Debug|ARM.ActiveCfg = Debug|ARM
		{90AF8D6A-89DE-4789-8FB0-3EAA34B90EBC}.Debug|ARM.Build.0 = Debug|ARM
		{90AF8D6A-89DE-4789-8FB0-3EAA34B90EBC}.Debug|ARM.Deploy.0 = Debug|ARM
		{90AF8D6A-89DE-4789-8FB0-3EAA34B90EBC}.Debug|iOS.ActiveCfg = Debug|Any CPU
		{90AF8D6A-89DE-4789-8FB0-3EAA34B90EBC}.Debug|Mixed Platforms.ActiveCfg = Debug|x86
		{90AF8D6A-89DE-4789-8FB0-3EAA34B90EBC}.Debug|Mixed Platforms.Build.0 = Debug|x86
		{90AF8D6A-89DE-4789-8FB0-3EAA34B90EBC}.Debug|Mixed Platforms.Deploy.0 = Debug|x86
		{90AF8D6A-89DE-4789-8FB0-3EAA34B90EBC}.Debug|Windows Phone.ActiveCfg = Debug|Any CPU
		{90AF8D6A-89DE-4789-8FB0-3EAA34B90EBC}.Debug|Windows-AnyCPU.ActiveCfg = Debug|Any CPU
		{90AF8D6A-89DE-4789-8FB0-3EAA34B90EBC}.Debug|Windows-ARM.ActiveCfg = Debug|Any CPU
		{90AF8D6A-89DE-4789-8FB0-3EAA34B90EBC}.Debug|Windows-x64.ActiveCfg = Debug|Any CPU
		{90AF8D6A-89DE-4789-8FB0-3EAA34B90EBC}.Debug|Windows-x86.ActiveCfg = Debug|Any CPU
		{90AF8D6A-89DE-4789-8FB0-3EAA34B90EBC}.Debug|x64.ActiveCfg = Debug|x64
		{90AF8D6A-89DE-4789-8FB0-3EAA34B90EBC}.Debug|x64.Build.0 = Debug|x64
		{90AF8D6A-89DE-4789-8FB0-3EAA34B90EBC}.Debug|x64.Deploy.0 = Debug|x64
		{90AF8D6A-89DE-4789-8FB0-3EAA34B90EBC}.Debug|x86.ActiveCfg = Debug|x86
		{90AF8D6A-89DE-4789-8FB0-3EAA34B90EBC}.Debug|x86.Build.0 = Debug|x86
		{90AF8D6A-89DE-4789-8FB0-3EAA34B90EBC}.Debug|x86.Deploy.0 = Debug|x86
		{90AF8D6A-89DE-4789-8FB0-3EAA34B90EBC}.Distribution|Android.ActiveCfg = Debug|Any CPU
		{90AF8D6A-89DE-4789-8FB0-3EAA34B90EBC}.Distribution|Any CPU.ActiveCfg = Debug|Any CPU
		{90AF8D6A-89DE-4789-8FB0-3EAA34B90EBC}.Distribution|Any CPU.Build.0 = Debug|Any CPU
		{90AF8D6A-89DE-4789-8FB0-3EAA34B90EBC}.Distribution|Any CPU.Deploy.0 = Debug|Any CPU
		{90AF8D6A-89DE-4789-8FB0-3EAA34B90EBC}.Distribution|ARM.ActiveCfg = Debug|ARM
		{90AF8D6A-89DE-4789-8FB0-3EAA34B90EBC}.Distribution|ARM.Build.0 = Debug|ARM
		{90AF8D6A-89DE-4789-8FB0-3EAA34B90EBC}.Distribution|ARM.Deploy.0 = Debug|ARM
		{90AF8D6A-89DE-4789-8FB0-3EAA34B90EBC}.Distribution|iOS.ActiveCfg = Debug|Any CPU
		{90AF8D6A-89DE-4789-8FB0-3EAA34B90EBC}.Distribution|Mixed Platforms.ActiveCfg = Debug|x86
		{90AF8D6A-89DE-4789-8FB0-3EAA34B90EBC}.Distribution|Mixed Platforms.Build.0 = Debug|x86
		{90AF8D6A-89DE-4789-8FB0-3EAA34B90EBC}.Distribution|Mixed Platforms.Deploy.0 = Debug|x86
		{90AF8D6A-89DE-4789-8FB0-3EAA34B90EBC}.Distribution|Windows Phone.ActiveCfg = Debug|Any CPU
		{90AF8D6A-89DE-4789-8FB0-3EAA34B90EBC}.Distribution|Windows-AnyCPU.ActiveCfg = Debug|Any CPU
		{90AF8D6A-89DE-4789-8FB0-3EAA34B90EBC}.Distribution|Windows-ARM.ActiveCfg = Debug|Any CPU
		{90AF8D6A-89DE-4789-8FB0-3EAA34B90EBC}.Distribution|Windows-x64.ActiveCfg = Debug|Any CPU
		{90AF8D6A-89DE-4789-8FB0-3EAA34B90EBC}.Distribution|Windows-x86.ActiveCfg = Debug|Any CPU
		{90AF8D6A-89DE-4789-8FB0-3EAA34B90EBC}.Distribution|x64.ActiveCfg = Debug|x64
		{90AF8D6A-89DE-4789-8FB0-3EAA34B90EBC}.Distribution|x64.Build.0 = Debug|x64
		{90AF8D6A-89DE-4789-8FB0-3EAA34B90EBC}.Distribution|x64.Deploy.0 = Debug|x64
		{90AF8D6A-89DE-4789-8FB0-3EAA34B90EBC}.Distribution|x86.ActiveCfg = Debug|x86
		{90AF8D6A-89DE-4789-8FB0-3EAA34B90EBC}.Distribution|x86.Build.0 = Debug|x86
		{90AF8D6A-89DE-4789-8FB0-3EAA34B90EBC}.Distribution|x86.Deploy.0 = Debug|x86
		{90AF8D6A-89DE-4789-8FB0-3EAA34B90EBC}.Release|Android.ActiveCfg = Release|Any CPU
		{90AF8D6A-89DE-4789-8FB0-3EAA34B90EBC}.Release|Any CPU.ActiveCfg = Release|Any CPU
		{90AF8D6A-89DE-4789-8FB0-3EAA34B90EBC}.Release|Any CPU.Build.0 = Release|Any CPU
		{90AF8D6A-89DE-4789-8FB0-3EAA34B90EBC}.Release|Any CPU.Deploy.0 = Release|Any CPU
		{90AF8D6A-89DE-4789-8FB0-3EAA34B90EBC}.Release|ARM.ActiveCfg = Release|ARM
		{90AF8D6A-89DE-4789-8FB0-3EAA34B90EBC}.Release|ARM.Build.0 = Release|ARM
		{90AF8D6A-89DE-4789-8FB0-3EAA34B90EBC}.Release|ARM.Deploy.0 = Release|ARM
		{90AF8D6A-89DE-4789-8FB0-3EAA34B90EBC}.Release|iOS.ActiveCfg = Release|Any CPU
		{90AF8D6A-89DE-4789-8FB0-3EAA34B90EBC}.Release|Mixed Platforms.ActiveCfg = Release|x86
		{90AF8D6A-89DE-4789-8FB0-3EAA34B90EBC}.Release|Mixed Platforms.Build.0 = Release|x86
		{90AF8D6A-89DE-4789-8FB0-3EAA34B90EBC}.Release|Mixed Platforms.Deploy.0 = Release|x86
		{90AF8D6A-89DE-4789-8FB0-3EAA34B90EBC}.Release|Windows Phone.ActiveCfg = Release|Any CPU
		{90AF8D6A-89DE-4789-8FB0-3EAA34B90EBC}.Release|Windows-AnyCPU.ActiveCfg = Release|Any CPU
		{90AF8D6A-89DE-4789-8FB0-3EAA34B90EBC}.Release|Windows-ARM.ActiveCfg = Release|Any CPU
		{90AF8D6A-89DE-4789-8FB0-3EAA34B90EBC}.Release|Windows-x64.ActiveCfg = Release|Any CPU
		{90AF8D6A-89DE-4789-8FB0-3EAA34B90EBC}.Release|Windows-x86.ActiveCfg = Release|Any CPU
		{90AF8D6A-89DE-4789-8FB0-3EAA34B90EBC}.Release|x64.ActiveCfg = Release|x64
		{90AF8D6A-89DE-4789-8FB0-3EAA34B90EBC}.Release|x64.Build.0 = Release|x64
		{90AF8D6A-89DE-4789-8FB0-3EAA34B90EBC}.Release|x64.Deploy.0 = Release|x64
		{90AF8D6A-89DE-4789-8FB0-3EAA34B90EBC}.Release|x86.ActiveCfg = Release|x86
		{90AF8D6A-89DE-4789-8FB0-3EAA34B90EBC}.Release|x86.Build.0 = Release|x86
		{90AF8D6A-89DE-4789-8FB0-3EAA34B90EBC}.Release|x86.Deploy.0 = Release|x86
		{B7639AD6-0EC2-46E7-BB1A-8B0F25B31F60}.Debug|Android.ActiveCfg = Debug|Any CPU
		{B7639AD6-0EC2-46E7-BB1A-8B0F25B31F60}.Debug|Any CPU.ActiveCfg = Debug|Any CPU
		{B7639AD6-0EC2-46E7-BB1A-8B0F25B31F60}.Debug|Any CPU.Build.0 = Debug|Any CPU
		{B7639AD6-0EC2-46E7-BB1A-8B0F25B31F60}.Debug|Any CPU.Deploy.0 = Debug|Any CPU
		{B7639AD6-0EC2-46E7-BB1A-8B0F25B31F60}.Debug|ARM.ActiveCfg = Debug|ARM
		{B7639AD6-0EC2-46E7-BB1A-8B0F25B31F60}.Debug|ARM.Build.0 = Debug|ARM
		{B7639AD6-0EC2-46E7-BB1A-8B0F25B31F60}.Debug|ARM.Deploy.0 = Debug|ARM
		{B7639AD6-0EC2-46E7-BB1A-8B0F25B31F60}.Debug|iOS.ActiveCfg = Debug|Any CPU
		{B7639AD6-0EC2-46E7-BB1A-8B0F25B31F60}.Debug|Mixed Platforms.ActiveCfg = Debug|x86
		{B7639AD6-0EC2-46E7-BB1A-8B0F25B31F60}.Debug|Mixed Platforms.Build.0 = Debug|x86
		{B7639AD6-0EC2-46E7-BB1A-8B0F25B31F60}.Debug|Mixed Platforms.Deploy.0 = Debug|x86
		{B7639AD6-0EC2-46E7-BB1A-8B0F25B31F60}.Debug|Windows Phone.ActiveCfg = Debug|Any CPU
		{B7639AD6-0EC2-46E7-BB1A-8B0F25B31F60}.Debug|Windows-AnyCPU.ActiveCfg = Debug|Any CPU
		{B7639AD6-0EC2-46E7-BB1A-8B0F25B31F60}.Debug|Windows-ARM.ActiveCfg = Debug|Any CPU
		{B7639AD6-0EC2-46E7-BB1A-8B0F25B31F60}.Debug|Windows-x64.ActiveCfg = Debug|Any CPU
		{B7639AD6-0EC2-46E7-BB1A-8B0F25B31F60}.Debug|Windows-x86.ActiveCfg = Debug|Any CPU
		{B7639AD6-0EC2-46E7-BB1A-8B0F25B31F60}.Debug|x64.ActiveCfg = Debug|Any CPU
		{B7639AD6-0EC2-46E7-BB1A-8B0F25B31F60}.Debug|x86.ActiveCfg = Debug|x86
		{B7639AD6-0EC2-46E7-BB1A-8B0F25B31F60}.Debug|x86.Build.0 = Debug|x86
		{B7639AD6-0EC2-46E7-BB1A-8B0F25B31F60}.Debug|x86.Deploy.0 = Debug|x86
		{B7639AD6-0EC2-46E7-BB1A-8B0F25B31F60}.Distribution|Android.ActiveCfg = Debug|Any CPU
		{B7639AD6-0EC2-46E7-BB1A-8B0F25B31F60}.Distribution|Any CPU.ActiveCfg = Debug|Any CPU
		{B7639AD6-0EC2-46E7-BB1A-8B0F25B31F60}.Distribution|Any CPU.Build.0 = Debug|Any CPU
		{B7639AD6-0EC2-46E7-BB1A-8B0F25B31F60}.Distribution|Any CPU.Deploy.0 = Debug|Any CPU
		{B7639AD6-0EC2-46E7-BB1A-8B0F25B31F60}.Distribution|ARM.ActiveCfg = Debug|ARM
		{B7639AD6-0EC2-46E7-BB1A-8B0F25B31F60}.Distribution|ARM.Build.0 = Debug|ARM
		{B7639AD6-0EC2-46E7-BB1A-8B0F25B31F60}.Distribution|ARM.Deploy.0 = Debug|ARM
		{B7639AD6-0EC2-46E7-BB1A-8B0F25B31F60}.Distribution|iOS.ActiveCfg = Debug|Any CPU
		{B7639AD6-0EC2-46E7-BB1A-8B0F25B31F60}.Distribution|Mixed Platforms.ActiveCfg = Debug|x86
		{B7639AD6-0EC2-46E7-BB1A-8B0F25B31F60}.Distribution|Mixed Platforms.Build.0 = Debug|x86
		{B7639AD6-0EC2-46E7-BB1A-8B0F25B31F60}.Distribution|Mixed Platforms.Deploy.0 = Debug|x86
		{B7639AD6-0EC2-46E7-BB1A-8B0F25B31F60}.Distribution|Windows Phone.ActiveCfg = Debug|Any CPU
		{B7639AD6-0EC2-46E7-BB1A-8B0F25B31F60}.Distribution|Windows-AnyCPU.ActiveCfg = Debug|Any CPU
		{B7639AD6-0EC2-46E7-BB1A-8B0F25B31F60}.Distribution|Windows-ARM.ActiveCfg = Debug|Any CPU
		{B7639AD6-0EC2-46E7-BB1A-8B0F25B31F60}.Distribution|Windows-x64.ActiveCfg = Debug|Any CPU
		{B7639AD6-0EC2-46E7-BB1A-8B0F25B31F60}.Distribution|Windows-x86.ActiveCfg = Debug|Any CPU
		{B7639AD6-0EC2-46E7-BB1A-8B0F25B31F60}.Distribution|x64.ActiveCfg = Debug|Any CPU
		{B7639AD6-0EC2-46E7-BB1A-8B0F25B31F60}.Distribution|x86.ActiveCfg = Debug|x86
		{B7639AD6-0EC2-46E7-BB1A-8B0F25B31F60}.Distribution|x86.Build.0 = Debug|x86
		{B7639AD6-0EC2-46E7-BB1A-8B0F25B31F60}.Distribution|x86.Deploy.0 = Debug|x86
		{B7639AD6-0EC2-46E7-BB1A-8B0F25B31F60}.Release|Android.ActiveCfg = Release|Any CPU
		{B7639AD6-0EC2-46E7-BB1A-8B0F25B31F60}.Release|Any CPU.ActiveCfg = Release|Any CPU
		{B7639AD6-0EC2-46E7-BB1A-8B0F25B31F60}.Release|Any CPU.Build.0 = Release|Any CPU
		{B7639AD6-0EC2-46E7-BB1A-8B0F25B31F60}.Release|Any CPU.Deploy.0 = Release|Any CPU
		{B7639AD6-0EC2-46E7-BB1A-8B0F25B31F60}.Release|ARM.ActiveCfg = Release|ARM
		{B7639AD6-0EC2-46E7-BB1A-8B0F25B31F60}.Release|ARM.Build.0 = Release|ARM
		{B7639AD6-0EC2-46E7-BB1A-8B0F25B31F60}.Release|ARM.Deploy.0 = Release|ARM
		{B7639AD6-0EC2-46E7-BB1A-8B0F25B31F60}.Release|iOS.ActiveCfg = Release|Any CPU
		{B7639AD6-0EC2-46E7-BB1A-8B0F25B31F60}.Release|Mixed Platforms.ActiveCfg = Release|x86
		{B7639AD6-0EC2-46E7-BB1A-8B0F25B31F60}.Release|Mixed Platforms.Build.0 = Release|x86
		{B7639AD6-0EC2-46E7-BB1A-8B0F25B31F60}.Release|Mixed Platforms.Deploy.0 = Release|x86
		{B7639AD6-0EC2-46E7-BB1A-8B0F25B31F60}.Release|Windows Phone.ActiveCfg = Release|Any CPU
		{B7639AD6-0EC2-46E7-BB1A-8B0F25B31F60}.Release|Windows-AnyCPU.ActiveCfg = Release|Any CPU
		{B7639AD6-0EC2-46E7-BB1A-8B0F25B31F60}.Release|Windows-ARM.ActiveCfg = Release|Any CPU
		{B7639AD6-0EC2-46E7-BB1A-8B0F25B31F60}.Release|Windows-x64.ActiveCfg = Release|Any CPU
		{B7639AD6-0EC2-46E7-BB1A-8B0F25B31F60}.Release|Windows-x86.ActiveCfg = Release|Any CPU
		{B7639AD6-0EC2-46E7-BB1A-8B0F25B31F60}.Release|x64.ActiveCfg = Release|Any CPU
		{B7639AD6-0EC2-46E7-BB1A-8B0F25B31F60}.Release|x86.ActiveCfg = Release|x86
		{B7639AD6-0EC2-46E7-BB1A-8B0F25B31F60}.Release|x86.Build.0 = Release|x86
		{B7639AD6-0EC2-46E7-BB1A-8B0F25B31F60}.Release|x86.Deploy.0 = Release|x86
		{DFB813D5-393B-4F16-AC53-C2B47C7E98F6}.Debug|Android.ActiveCfg = Debug|Any CPU
		{DFB813D5-393B-4F16-AC53-C2B47C7E98F6}.Debug|Any CPU.ActiveCfg = Debug|Any CPU
		{DFB813D5-393B-4F16-AC53-C2B47C7E98F6}.Debug|Any CPU.Build.0 = Debug|Any CPU
		{DFB813D5-393B-4F16-AC53-C2B47C7E98F6}.Debug|Any CPU.Deploy.0 = Debug|Any CPU
		{DFB813D5-393B-4F16-AC53-C2B47C7E98F6}.Debug|ARM.ActiveCfg = Debug|ARM
		{DFB813D5-393B-4F16-AC53-C2B47C7E98F6}.Debug|ARM.Build.0 = Debug|ARM
		{DFB813D5-393B-4F16-AC53-C2B47C7E98F6}.Debug|ARM.Deploy.0 = Debug|ARM
		{DFB813D5-393B-4F16-AC53-C2B47C7E98F6}.Debug|iOS.ActiveCfg = Debug|Any CPU
		{DFB813D5-393B-4F16-AC53-C2B47C7E98F6}.Debug|Mixed Platforms.ActiveCfg = Debug|x86
		{DFB813D5-393B-4F16-AC53-C2B47C7E98F6}.Debug|Mixed Platforms.Build.0 = Debug|x86
		{DFB813D5-393B-4F16-AC53-C2B47C7E98F6}.Debug|Mixed Platforms.Deploy.0 = Debug|x86
		{DFB813D5-393B-4F16-AC53-C2B47C7E98F6}.Debug|Windows Phone.ActiveCfg = Debug|Any CPU
		{DFB813D5-393B-4F16-AC53-C2B47C7E98F6}.Debug|Windows-AnyCPU.ActiveCfg = Debug|Any CPU
		{DFB813D5-393B-4F16-AC53-C2B47C7E98F6}.Debug|Windows-ARM.ActiveCfg = Debug|Any CPU
		{DFB813D5-393B-4F16-AC53-C2B47C7E98F6}.Debug|Windows-x64.ActiveCfg = Debug|Any CPU
		{DFB813D5-393B-4F16-AC53-C2B47C7E98F6}.Debug|Windows-x86.ActiveCfg = Debug|Any CPU
		{DFB813D5-393B-4F16-AC53-C2B47C7E98F6}.Debug|x64.ActiveCfg = Debug|x64
		{DFB813D5-393B-4F16-AC53-C2B47C7E98F6}.Debug|x64.Build.0 = Debug|x64
		{DFB813D5-393B-4F16-AC53-C2B47C7E98F6}.Debug|x64.Deploy.0 = Debug|x64
		{DFB813D5-393B-4F16-AC53-C2B47C7E98F6}.Debug|x86.ActiveCfg = Debug|x86
		{DFB813D5-393B-4F16-AC53-C2B47C7E98F6}.Debug|x86.Build.0 = Debug|x86
		{DFB813D5-393B-4F16-AC53-C2B47C7E98F6}.Debug|x86.Deploy.0 = Debug|x86
		{DFB813D5-393B-4F16-AC53-C2B47C7E98F6}.Distribution|Android.ActiveCfg = Debug|Any CPU
		{DFB813D5-393B-4F16-AC53-C2B47C7E98F6}.Distribution|Any CPU.ActiveCfg = Debug|Any CPU
		{DFB813D5-393B-4F16-AC53-C2B47C7E98F6}.Distribution|Any CPU.Build.0 = Debug|Any CPU
		{DFB813D5-393B-4F16-AC53-C2B47C7E98F6}.Distribution|Any CPU.Deploy.0 = Debug|Any CPU
		{DFB813D5-393B-4F16-AC53-C2B47C7E98F6}.Distribution|ARM.ActiveCfg = Debug|ARM
		{DFB813D5-393B-4F16-AC53-C2B47C7E98F6}.Distribution|ARM.Build.0 = Debug|ARM
		{DFB813D5-393B-4F16-AC53-C2B47C7E98F6}.Distribution|ARM.Deploy.0 = Debug|ARM
		{DFB813D5-393B-4F16-AC53-C2B47C7E98F6}.Distribution|iOS.ActiveCfg = Debug|Any CPU
		{DFB813D5-393B-4F16-AC53-C2B47C7E98F6}.Distribution|Mixed Platforms.ActiveCfg = Debug|x86
		{DFB813D5-393B-4F16-AC53-C2B47C7E98F6}.Distribution|Mixed Platforms.Build.0 = Debug|x86
		{DFB813D5-393B-4F16-AC53-C2B47C7E98F6}.Distribution|Mixed Platforms.Deploy.0 = Debug|x86
		{DFB813D5-393B-4F16-AC53-C2B47C7E98F6}.Distribution|Windows Phone.ActiveCfg = Debug|Any CPU
		{DFB813D5-393B-4F16-AC53-C2B47C7E98F6}.Distribution|Windows-AnyCPU.ActiveCfg = Debug|Any CPU
		{DFB813D5-393B-4F16-AC53-C2B47C7E98F6}.Distribution|Windows-ARM.ActiveCfg = Debug|Any CPU
		{DFB813D5-393B-4F16-AC53-C2B47C7E98F6}.Distribution|Windows-x64.ActiveCfg = Debug|Any CPU
		{DFB813D5-393B-4F16-AC53-C2B47C7E98F6}.Distribution|Windows-x86.ActiveCfg = Debug|Any CPU
		{DFB813D5-393B-4F16-AC53-C2B47C7E98F6}.Distribution|x64.ActiveCfg = Debug|x64
		{DFB813D5-393B-4F16-AC53-C2B47C7E98F6}.Distribution|x64.Build.0 = Debug|x64
		{DFB813D5-393B-4F16-AC53-C2B47C7E98F6}.Distribution|x64.Deploy.0 = Debug|x64
		{DFB813D5-393B-4F16-AC53-C2B47C7E98F6}.Distribution|x86.ActiveCfg = Debug|x86
		{DFB813D5-393B-4F16-AC53-C2B47C7E98F6}.Distribution|x86.Build.0 = Debug|x86
		{DFB813D5-393B-4F16-AC53-C2B47C7E98F6}.Distribution|x86.Deploy.0 = Debug|x86
		{DFB813D5-393B-4F16-AC53-C2B47C7E98F6}.Release|Android.ActiveCfg = Release|Any CPU
		{DFB813D5-393B-4F16-AC53-C2B47C7E98F6}.Release|Any CPU.ActiveCfg = Release|Any CPU
		{DFB813D5-393B-4F16-AC53-C2B47C7E98F6}.Release|Any CPU.Build.0 = Release|Any CPU
		{DFB813D5-393B-4F16-AC53-C2B47C7E98F6}.Release|Any CPU.Deploy.0 = Release|Any CPU
		{DFB813D5-393B-4F16-AC53-C2B47C7E98F6}.Release|ARM.ActiveCfg = Release|ARM
		{DFB813D5-393B-4F16-AC53-C2B47C7E98F6}.Release|ARM.Build.0 = Release|ARM
		{DFB813D5-393B-4F16-AC53-C2B47C7E98F6}.Release|ARM.Deploy.0 = Release|ARM
		{DFB813D5-393B-4F16-AC53-C2B47C7E98F6}.Release|iOS.ActiveCfg = Release|Any CPU
		{DFB813D5-393B-4F16-AC53-C2B47C7E98F6}.Release|Mixed Platforms.ActiveCfg = Release|x86
		{DFB813D5-393B-4F16-AC53-C2B47C7E98F6}.Release|Mixed Platforms.Build.0 = Release|x86
		{DFB813D5-393B-4F16-AC53-C2B47C7E98F6}.Release|Mixed Platforms.Deploy.0 = Release|x86
		{DFB813D5-393B-4F16-AC53-C2B47C7E98F6}.Release|Windows Phone.ActiveCfg = Release|Any CPU
		{DFB813D5-393B-4F16-AC53-C2B47C7E98F6}.Release|Windows-AnyCPU.ActiveCfg = Release|Any CPU
		{DFB813D5-393B-4F16-AC53-C2B47C7E98F6}.Release|Windows-ARM.ActiveCfg = Release|Any CPU
		{DFB813D5-393B-4F16-AC53-C2B47C7E98F6}.Release|Windows-x64.ActiveCfg = Release|Any CPU
		{DFB813D5-393B-4F16-AC53-C2B47C7E98F6}.Release|Windows-x86.ActiveCfg = Release|Any CPU
		{DFB813D5-393B-4F16-AC53-C2B47C7E98F6}.Release|x64.ActiveCfg = Release|x64
		{DFB813D5-393B-4F16-AC53-C2B47C7E98F6}.Release|x64.Build.0 = Release|x64
		{DFB813D5-393B-4F16-AC53-C2B47C7E98F6}.Release|x64.Deploy.0 = Release|x64
		{DFB813D5-393B-4F16-AC53-C2B47C7E98F6}.Release|x86.ActiveCfg = Release|x86
		{DFB813D5-393B-4F16-AC53-C2B47C7E98F6}.Release|x86.Build.0 = Release|x86
		{DFB813D5-393B-4F16-AC53-C2B47C7E98F6}.Release|x86.Deploy.0 = Release|x86
		{3DDF776A-A483-48C3-AFD5-9AF70A43820D}.Debug|Android.ActiveCfg = Debug|Any CPU
		{3DDF776A-A483-48C3-AFD5-9AF70A43820D}.Debug|Any CPU.ActiveCfg = Debug|Any CPU
		{3DDF776A-A483-48C3-AFD5-9AF70A43820D}.Debug|Any CPU.Build.0 = Debug|Any CPU
		{3DDF776A-A483-48C3-AFD5-9AF70A43820D}.Debug|Any CPU.Deploy.0 = Debug|Any CPU
		{3DDF776A-A483-48C3-AFD5-9AF70A43820D}.Debug|ARM.ActiveCfg = Debug|ARM
		{3DDF776A-A483-48C3-AFD5-9AF70A43820D}.Debug|ARM.Build.0 = Debug|ARM
		{3DDF776A-A483-48C3-AFD5-9AF70A43820D}.Debug|ARM.Deploy.0 = Debug|ARM
		{3DDF776A-A483-48C3-AFD5-9AF70A43820D}.Debug|iOS.ActiveCfg = Debug|Any CPU
		{3DDF776A-A483-48C3-AFD5-9AF70A43820D}.Debug|Mixed Platforms.ActiveCfg = Debug|x86
		{3DDF776A-A483-48C3-AFD5-9AF70A43820D}.Debug|Mixed Platforms.Build.0 = Debug|x86
		{3DDF776A-A483-48C3-AFD5-9AF70A43820D}.Debug|Mixed Platforms.Deploy.0 = Debug|x86
		{3DDF776A-A483-48C3-AFD5-9AF70A43820D}.Debug|Windows Phone.ActiveCfg = Debug|Any CPU
		{3DDF776A-A483-48C3-AFD5-9AF70A43820D}.Debug|Windows-AnyCPU.ActiveCfg = Debug|Any CPU
		{3DDF776A-A483-48C3-AFD5-9AF70A43820D}.Debug|Windows-ARM.ActiveCfg = Debug|Any CPU
		{3DDF776A-A483-48C3-AFD5-9AF70A43820D}.Debug|Windows-x64.ActiveCfg = Debug|Any CPU
		{3DDF776A-A483-48C3-AFD5-9AF70A43820D}.Debug|Windows-x86.ActiveCfg = Debug|Any CPU
		{3DDF776A-A483-48C3-AFD5-9AF70A43820D}.Debug|x64.ActiveCfg = Debug|Any CPU
		{3DDF776A-A483-48C3-AFD5-9AF70A43820D}.Debug|x86.ActiveCfg = Debug|x86
		{3DDF776A-A483-48C3-AFD5-9AF70A43820D}.Debug|x86.Build.0 = Debug|x86
		{3DDF776A-A483-48C3-AFD5-9AF70A43820D}.Debug|x86.Deploy.0 = Debug|x86
		{3DDF776A-A483-48C3-AFD5-9AF70A43820D}.Distribution|Android.ActiveCfg = Debug|Any CPU
		{3DDF776A-A483-48C3-AFD5-9AF70A43820D}.Distribution|Any CPU.ActiveCfg = Debug|Any CPU
		{3DDF776A-A483-48C3-AFD5-9AF70A43820D}.Distribution|Any CPU.Build.0 = Debug|Any CPU
		{3DDF776A-A483-48C3-AFD5-9AF70A43820D}.Distribution|Any CPU.Deploy.0 = Debug|Any CPU
		{3DDF776A-A483-48C3-AFD5-9AF70A43820D}.Distribution|ARM.ActiveCfg = Debug|ARM
		{3DDF776A-A483-48C3-AFD5-9AF70A43820D}.Distribution|ARM.Build.0 = Debug|ARM
		{3DDF776A-A483-48C3-AFD5-9AF70A43820D}.Distribution|ARM.Deploy.0 = Debug|ARM
		{3DDF776A-A483-48C3-AFD5-9AF70A43820D}.Distribution|iOS.ActiveCfg = Debug|Any CPU
		{3DDF776A-A483-48C3-AFD5-9AF70A43820D}.Distribution|Mixed Platforms.ActiveCfg = Debug|x86
		{3DDF776A-A483-48C3-AFD5-9AF70A43820D}.Distribution|Mixed Platforms.Build.0 = Debug|x86
		{3DDF776A-A483-48C3-AFD5-9AF70A43820D}.Distribution|Mixed Platforms.Deploy.0 = Debug|x86
		{3DDF776A-A483-48C3-AFD5-9AF70A43820D}.Distribution|Windows Phone.ActiveCfg = Debug|Any CPU
		{3DDF776A-A483-48C3-AFD5-9AF70A43820D}.Distribution|Windows-AnyCPU.ActiveCfg = Debug|Any CPU
		{3DDF776A-A483-48C3-AFD5-9AF70A43820D}.Distribution|Windows-ARM.ActiveCfg = Debug|Any CPU
		{3DDF776A-A483-48C3-AFD5-9AF70A43820D}.Distribution|Windows-x64.ActiveCfg = Debug|Any CPU
		{3DDF776A-A483-48C3-AFD5-9AF70A43820D}.Distribution|Windows-x86.ActiveCfg = Debug|Any CPU
		{3DDF776A-A483-48C3-AFD5-9AF70A43820D}.Distribution|x64.ActiveCfg = Debug|Any CPU
		{3DDF776A-A483-48C3-AFD5-9AF70A43820D}.Distribution|x86.ActiveCfg = Debug|x86
		{3DDF776A-A483-48C3-AFD5-9AF70A43820D}.Distribution|x86.Build.0 = Debug|x86
		{3DDF776A-A483-48C3-AFD5-9AF70A43820D}.Distribution|x86.Deploy.0 = Debug|x86
		{3DDF776A-A483-48C3-AFD5-9AF70A43820D}.Release|Android.ActiveCfg = Release|Any CPU
		{3DDF776A-A483-48C3-AFD5-9AF70A43820D}.Release|Any CPU.ActiveCfg = Release|Any CPU
		{3DDF776A-A483-48C3-AFD5-9AF70A43820D}.Release|Any CPU.Build.0 = Release|Any CPU
		{3DDF776A-A483-48C3-AFD5-9AF70A43820D}.Release|Any CPU.Deploy.0 = Release|Any CPU
		{3DDF776A-A483-48C3-AFD5-9AF70A43820D}.Release|ARM.ActiveCfg = Release|ARM
		{3DDF776A-A483-48C3-AFD5-9AF70A43820D}.Release|ARM.Build.0 = Release|ARM
		{3DDF776A-A483-48C3-AFD5-9AF70A43820D}.Release|ARM.Deploy.0 = Release|ARM
		{3DDF776A-A483-48C3-AFD5-9AF70A43820D}.Release|iOS.ActiveCfg = Release|Any CPU
		{3DDF776A-A483-48C3-AFD5-9AF70A43820D}.Release|Mixed Platforms.ActiveCfg = Release|x86
		{3DDF776A-A483-48C3-AFD5-9AF70A43820D}.Release|Mixed Platforms.Build.0 = Release|x86
		{3DDF776A-A483-48C3-AFD5-9AF70A43820D}.Release|Mixed Platforms.Deploy.0 = Release|x86
		{3DDF776A-A483-48C3-AFD5-9AF70A43820D}.Release|Windows Phone.ActiveCfg = Release|Any CPU
		{3DDF776A-A483-48C3-AFD5-9AF70A43820D}.Release|Windows-AnyCPU.ActiveCfg = Release|Any CPU
		{3DDF776A-A483-48C3-AFD5-9AF70A43820D}.Release|Windows-ARM.ActiveCfg = Release|Any CPU
		{3DDF776A-A483-48C3-AFD5-9AF70A43820D}.Release|Windows-x64.ActiveCfg = Release|Any CPU
		{3DDF776A-A483-48C3-AFD5-9AF70A43820D}.Release|Windows-x86.ActiveCfg = Release|Any CPU
		{3DDF776A-A483-48C3-AFD5-9AF70A43820D}.Release|x64.ActiveCfg = Release|Any CPU
		{3DDF776A-A483-48C3-AFD5-9AF70A43820D}.Release|x86.ActiveCfg = Release|x86
		{3DDF776A-A483-48C3-AFD5-9AF70A43820D}.Release|x86.Build.0 = Release|x86
		{3DDF776A-A483-48C3-AFD5-9AF70A43820D}.Release|x86.Deploy.0 = Release|x86
	EndGlobalSection
	GlobalSection(SolutionProperties) = preSolution
		HideSolutionNode = FALSE
	EndGlobalSection
EndGlobal
